lockVersion: 2.0.0
id: 6e5b53b8-7ed2-4053-9332-07bc16f12522
management:
  docChecksum: ad947576f33f37817d5318f5ff33dd0c
  docVersion: 0.0.1
  speakeasyVersion: 1.335.2
  generationVersion: 2.372.3
  releaseVersion: 0.1.0
  configChecksum: e3ce5c1ea0c47fe907f10ff4d41ce852
features:
  typescript:
    additionalDependencies: 0.1.0
    constsAndDefaults: 0.1.5
    core: 3.11.6
    defaultEnabledRetries: 0.1.0
    globalSecurity: 2.82.9
    globalSecurityCallbacks: 0.1.0
    globalSecurityFlattening: 0.1.0
    globalServerURLs: 2.82.4
    nullables: 0.1.0
    responseFormat: 0.2.3
    retries: 2.83.0
    sdkHooks: 0.1.0
    unions: 2.85.5
generatedFiles:
  - src/sdk/sdk.ts
  - .eslintrc.cjs
  - .npmignore
  - RUNTIMES.md
  - jsr.json
  - package.json
  - src/index.ts
  - src/lib/base64.ts
  - src/lib/config.ts
  - src/lib/encodings.ts
  - src/lib/http.ts
  - src/lib/is-plain-object.ts
  - src/lib/primitives.ts
  - src/lib/retries.ts
  - src/lib/schemas.ts
  - src/lib/sdks.ts
  - src/lib/security.ts
  - src/lib/url.ts
  - src/sdk/index.ts
  - src/models/errors/sdkerror.ts
  - src/models/errors/sdkvalidationerror.ts
  - src/types/blobs.ts
  - src/types/enums.ts
  - src/types/index.ts
  - src/types/operations.ts
  - src/types/rfcdate.ts
  - tsconfig.json
  - src/models/errors/httpvalidationerror.ts
  - src/models/components/validationerror.ts
  - src/models/components/bodyfilesuploadfilessessionidpost.ts
  - src/models/components/bodyuploadlocalfilelocalfilepost.ts
  - src/models/components/connector.ts
  - src/models/components/connectorcreate.ts
  - src/models/components/knowledgebase.ts
  - src/models/components/knowledgebasecreate.ts
  - src/models/components/skill.ts
  - src/models/components/skillcreate.ts
  - src/models/components/modeloutput.ts
  - src/models/components/modelcreate.ts
  - src/models/components/modelinput.ts
  - src/models/components/agent.ts
  - src/models/components/retrieveagentconfig.ts
  - src/models/components/agentconfigoutput.ts
  - src/models/components/llmconfig.ts
  - src/models/components/agentcreate.ts
  - src/models/components/agentconfiginput.ts
  - src/models/components/agenttype.ts
  - src/models/components/workflow.ts
  - src/models/components/workflowsummarymethod.ts
  - src/models/components/workflowcreate.ts
  - src/models/components/workflowtype.ts
  - src/models/components/session.ts
  - src/models/components/sessioncreate.ts
  - src/models/components/message.ts
  - src/models/components/runworkflowresponse.ts
  - src/models/components/file.ts
  - src/models/components/runworkflowrequest.ts
  - src/models/components/team.ts
  - src/models/components/teamcreate.ts
  - src/models/components/teammember.ts
  - src/models/components/security.ts
  - src/models/operations/fileslistfilessessionidget.ts
  - src/models/operations/filesuploadfilessessionidpost.ts
  - src/models/operations/filesretrievefilessessionidfilepathget.ts
  - src/models/operations/deleteconnectorconnectorsdeletedelete.ts
  - src/models/operations/deleteknowledgebaseknowledgebasesdeletedelete.ts
  - src/models/operations/linkknowledgebaseconnectorknowledgebaseslinkconnectorknowledgebaseidconnectoridpost.ts
  - src/models/operations/unlinkknowledgebaseconnectorknowledgebaseslinkconnectorknowledgebaseidconnectoriddelete.ts
  - src/models/operations/getknowledgebaseconnectorsknowledgebaseslinkconnectorknowledgebaseidget.ts
  - src/models/operations/deleteskillskillsdeletedelete.ts
  - src/models/operations/deletemodelmodelsdeletedelete.ts
  - src/models/operations/deleteagentagentsdeletedelete.ts
  - src/models/operations/linkagentmodelagentslinkmodelagentidmodelidpost.ts
  - src/models/operations/unlinkagentmodelagentslinkmodelagentidmodeliddelete.ts
  - src/models/operations/getagentmodelsagentslinkmodelagentidget.ts
  - src/models/operations/linkagentskillagentslinkskillagentidskillidpost.ts
  - src/models/operations/unlinkagentskillagentslinkskillagentidskilliddelete.ts
  - src/models/operations/getagentskillsagentslinkskillagentidget.ts
  - src/models/operations/linkagentagentagentslinkagentprimaryagentidsecondaryagentidpost.ts
  - src/models/operations/unlinkagentagentagentslinkagentprimaryagentidsecondaryagentiddelete.ts
  - src/models/operations/getlinkedagentsagentslinkagentagentidget.ts
  - src/models/operations/linkagentkbagentslinkkbagentidkbidpost.ts
  - src/models/operations/unlinkagentkbagentslinkkbagentidkbiddelete.ts
  - src/models/operations/getagentkbsagentslinkkbagentidget.ts
  - src/models/operations/getworkflowworkflowsworkflowidget.ts
  - src/models/operations/deleteworkflowworkflowsdeletedelete.ts
  - src/models/operations/linkworkflowagentworkflowslinkagentworkflowidagentidagenttypepost.ts
  - src/models/operations/unlinkworkflowagentworkflowslinkagentworkflowidagentidagenttypedelete.ts
  - src/models/operations/getlinkedworkflowagentsworkflowslinkagentworkflowidagenttypeget.ts
  - src/models/operations/deletesessionsessionsdeletedelete.ts
  - src/models/operations/listmessagessessionssessionidmessagesget.ts
  - src/models/operations/runsessionworkflowsessionssessionidworkflowworkflowidrunpost.ts
  - src/models/operations/deleteteamteamdelete.ts
  - src/models/operations/listteammembersteammemberteamidget.ts
  - src/models/operations/createteammemberteammemberteamidmemberidpost.ts
  - src/models/operations/deleteteammemberteammemberteamidmemberiddelete.ts
  - src/models/errors/index.ts
  - src/models/components/index.ts
  - src/models/operations/index.ts
  - docs/models/errors/httpvalidationerror.md
  - docs/models/components/loc.md
  - docs/models/components/validationerror.md
  - docs/models/components/bodyfilesuploadfilessessionidpostfile.md
  - docs/models/components/bodyfilesuploadfilessessionidpost.md
  - docs/models/components/bodyuploadlocalfilelocalfilepostfile.md
  - docs/models/components/bodyuploadlocalfilelocalfilepost.md
  - docs/models/components/connector.md
  - docs/models/components/connectorcreate.md
  - docs/models/components/knowledgebase.md
  - docs/models/components/knowledgebasecreate.md
  - docs/models/components/secrets.md
  - docs/models/components/libraries.md
  - docs/models/components/skill.md
  - docs/models/components/skillcreatesecrets.md
  - docs/models/components/skillcreatelibraries.md
  - docs/models/components/skillcreate.md
  - docs/models/components/modeltypes.md
  - docs/models/components/modeloutput.md
  - docs/models/components/modelcreatemodeltypes.md
  - docs/models/components/promptrate.md
  - docs/models/components/completionrate.md
  - docs/models/components/availability.md
  - docs/models/components/modelcreate.md
  - docs/models/components/modelinputmodeltypes.md
  - docs/models/components/modelinputpromptrate.md
  - docs/models/components/modelinputcompletionrate.md
  - docs/models/components/modelinputavailability.md
  - docs/models/components/modelinput.md
  - docs/models/components/agentagenttype.md
  - docs/models/components/agent.md
  - docs/models/components/dbconfig.md
  - docs/models/components/retrieveagentconfig.md
  - docs/models/components/isterminationmsg.md
  - docs/models/components/codeexecutionconfigtypes.md
  - docs/models/components/agentconfigoutputllmconfig.md
  - docs/models/components/messages.md
  - docs/models/components/allowrepeatspeaker.md
  - docs/models/components/agentconfigoutput.md
  - docs/models/components/extrabody.md
  - docs/models/components/llmconfig.md
  - docs/models/components/agentcreate.md
  - docs/models/components/agentconfiginputisterminationmsg.md
  - docs/models/components/agentconfiginputcodeexecutionconfigtypes.md
  - docs/models/components/agentconfiginputllmconfig.md
  - docs/models/components/agentconfiginputmessages.md
  - docs/models/components/agentconfiginputallowrepeatspeaker.md
  - docs/models/components/agentconfiginput.md
  - docs/models/components/agenttype.md
  - docs/models/components/workflowworkflowtype.md
  - docs/models/components/workflow.md
  - docs/models/components/workflowsummarymethod.md
  - docs/models/components/workflowcreate.md
  - docs/models/components/workflowtype.md
  - docs/models/components/session.md
  - docs/models/components/sessioncreate.md
  - docs/models/components/message.md
  - docs/models/components/runworkflowresponse.md
  - docs/models/components/filet.md
  - docs/models/components/runworkflowrequest.md
  - docs/models/components/team.md
  - docs/models/components/teamcreate.md
  - docs/models/components/teammember.md
  - docs/models/components/security.md
  - docs/models/operations/fileslistfilessessionidgetrequest.md
  - docs/models/operations/filesuploadfilessessionidpostrequest.md
  - docs/models/operations/filesretrievefilessessionidfilepathgetrequest.md
  - docs/models/operations/deleteconnectorconnectorsdeletedeleterequest.md
  - docs/models/operations/deleteknowledgebaseknowledgebasesdeletedeleterequest.md
  - docs/models/operations/linkknowledgebaseconnectorknowledgebaseslinkconnectorknowledgebaseidconnectoridpostrequest.md
  - docs/models/operations/unlinkknowledgebaseconnectorknowledgebaseslinkconnectorknowledgebaseidconnectoriddeleterequest.md
  - docs/models/operations/getknowledgebaseconnectorsknowledgebaseslinkconnectorknowledgebaseidgetrequest.md
  - docs/models/operations/deleteskillskillsdeletedeleterequest.md
  - docs/models/operations/deletemodelmodelsdeletedeleterequest.md
  - docs/models/operations/deleteagentagentsdeletedeleterequest.md
  - docs/models/operations/linkagentmodelagentslinkmodelagentidmodelidpostrequest.md
  - docs/models/operations/unlinkagentmodelagentslinkmodelagentidmodeliddeleterequest.md
  - docs/models/operations/getagentmodelsagentslinkmodelagentidgetrequest.md
  - docs/models/operations/linkagentskillagentslinkskillagentidskillidpostrequest.md
  - docs/models/operations/unlinkagentskillagentslinkskillagentidskilliddeleterequest.md
  - docs/models/operations/getagentskillsagentslinkskillagentidgetrequest.md
  - docs/models/operations/linkagentagentagentslinkagentprimaryagentidsecondaryagentidpostrequest.md
  - docs/models/operations/unlinkagentagentagentslinkagentprimaryagentidsecondaryagentiddeleterequest.md
  - docs/models/operations/getlinkedagentsagentslinkagentagentidgetrequest.md
  - docs/models/operations/linkagentkbagentslinkkbagentidkbidpostrequest.md
  - docs/models/operations/unlinkagentkbagentslinkkbagentidkbiddeleterequest.md
  - docs/models/operations/getagentkbsagentslinkkbagentidgetrequest.md
  - docs/models/operations/getworkflowworkflowsworkflowidgetrequest.md
  - docs/models/operations/deleteworkflowworkflowsdeletedeleterequest.md
  - docs/models/operations/linkworkflowagentworkflowslinkagentworkflowidagentidagenttypepostrequest.md
  - docs/models/operations/unlinkworkflowagentworkflowslinkagentworkflowidagentidagenttypedeleterequest.md
  - docs/models/operations/getlinkedworkflowagentsworkflowslinkagentworkflowidagenttypegetrequest.md
  - docs/models/operations/deletesessionsessionsdeletedeleterequest.md
  - docs/models/operations/listmessagessessionssessionidmessagesgetrequest.md
  - docs/models/operations/runsessionworkflowsessionssessionidworkflowworkflowidrunpostrequest.md
  - docs/models/operations/deleteteamteamdeleterequest.md
  - docs/models/operations/listteammembersteammemberteamidgetrequest.md
  - docs/models/operations/createteammemberteammemberteamidmemberidpostrequest.md
  - docs/models/operations/deleteteammemberteammemberteamidmemberiddeleterequest.md
  - docs/lib/utils/retryconfig.md
  - docs/sdks/edgen/README.md
  - USAGE.md
  - .gitattributes
  - src/hooks/hooks.ts
  - src/hooks/types.ts
  - src/hooks/index.ts
