speakeasyVersion: 1.335.2
sources:
    openapi_spec:
        sourceNamespace: openapi-spec
        sourceRevisionDigest: sha256:34a2b17ad471d3919ac57044a28381a9c8c5f1c43ddbdd7b361a48ea29e362b2
        sourceBlobDigest: sha256:be62a078e4288a29f84a5cf24ac2d026bf1945890a704163158627b656c1c772
        tags:
            - latest
targets:
    my-first-target:
        source: openapi_spec
        sourceNamespace: openapi-spec
        sourceRevisionDigest: sha256:34a2b17ad471d3919ac57044a28381a9c8c5f1c43ddbdd7b361a48ea29e362b2
        sourceBlobDigest: sha256:be62a078e4288a29f84a5cf24ac2d026bf1945890a704163158627b656c1c772
        outLocation: /home/francis/edgen/edgen-backend/sdks/edgen-typescript
workflow:
    workflowVersion: 1.0.0
    speakeasyVersion: latest
    sources:
        openapi_spec:
            inputs:
                - location: ../../docs/openapi.yaml
            registry:
                location: registry.speakeasyapi.dev/edgenai/edgenai/openapi-spec
    targets:
        my-first-target:
            target: typescript
            source: openapi_spec
