speakeasyVersion: 1.401.2
sources:
    Edgen-OAS:
        sourceNamespace: edgen-oas
        sourceRevisionDigest: sha256:0d8f321cb83e5189e23dab59da61338c3fed19eee7da3a4b251ab848c5ba8b04
        sourceBlobDigest: sha256:bba71eb163dd8b5024e1d7fa3f4aacdfdc45a1415fa0e58c04352c2620c48ee1
        tags:
            - latest
targets:
    edgen:
        source: Edgen-OAS
        sourceNamespace: edgen-oas
        sourceRevisionDigest: sha256:0d8f321cb83e5189e23dab59da61338c3fed19eee7da3a4b251ab848c5ba8b04
        sourceBlobDigest: sha256:bba71eb163dd8b5024e1d7fa3f4aacdfdc45a1415fa0e58c04352c2620c48ee1
workflow:
    workflowVersion: 1.0.0
    speakeasyVersion: latest
    sources:
        Edgen-OAS:
            inputs:
                - location: ../../../../backend/server/docs/openapi.yml
            registry:
                location: registry.speakeasyapi.dev/edgenai/edgenai/edgen-oas
    targets:
        edgen:
            target: typescript
            source: Edgen-OAS
