lockVersion: 2.0.0
id: 894f4b12-56c7-4e54-97e2-c31dd2cd6b62
management:
  docChecksum: c8d8cbf7b8a598c0dcf9457e0d34943e
  docVersion: 0.1.0
  speakeasyVersion: 1.440.1
  generationVersion: 2.460.1
  releaseVersion: 0.2.2
  configChecksum: fdcbb61a25e6998283f6f3e421f6adad
features:
  typescript:
    additionalDependencies: 0.1.0
    core: 3.18.5
    defaultEnabledRetries: 0.1.0
    devContainers: 2.90.0
    enumUnions: 0.1.0
    envVarSecurityUsage: 0.1.2
    globalSecurity: 2.82.11
    globalSecurityCallbacks: 0.1.0
    globalSecurityFlattening: 0.1.0
    globalServerURLs: 2.82.4
    nullables: 0.1.0
    responseFormat: 0.2.3
    retries: 2.83.0
    sdkHooks: 0.2.0
    uploadStreams: 0.1.0
generatedFiles:
  - .devcontainer/README.md
  - .devcontainer/devcontainer.json
  - .devcontainer/setup.sh
  - .eslintrc.cjs
  - .gitattributes
  - .npmignore
  - CONTRIBUTING.md
  - FUNCTIONS.md
  - RUNTIMES.md
  - USAGE.md
  - docs/lib/utils/retryconfig.md
  - docs/models/components/convertcreate.md
  - docs/models/components/data.md
  - docs/models/components/filet.md
  - docs/models/components/fileupload.md
  - docs/models/components/message.md
  - docs/models/components/messagecreate.md
  - docs/models/components/messagerole.md
  - docs/models/components/run.md
  - docs/models/components/runcreate.md
  - docs/models/components/runstatus.md
  - docs/models/components/security.md
  - docs/models/components/thread.md
  - docs/models/components/threadcreate.md
  - docs/models/components/threadrun.md
  - docs/models/operations/messagesgetrequest.md
  - docs/models/operations/threadsdeleterequest.md
  - docs/models/operations/threadsgetrequest.md
  - docs/models/operations/threadsrunrequest.md
  - docs/sdks/converts/README.md
  - docs/sdks/files/README.md
  - docs/sdks/messages/README.md
  - docs/sdks/polydoc/README.md
  - docs/sdks/runs/README.md
  - docs/sdks/threads/README.md
  - jsr.json
  - package.json
  - src/core.ts
  - src/funcs/convertsConvertsCreate.ts
  - src/funcs/filesFilesCreate.ts
  - src/funcs/filesFilesList.ts
  - src/funcs/messagesMessagesCreate.ts
  - src/funcs/messagesMessagesGet.ts
  - src/funcs/messagesMessagesList.ts
  - src/funcs/runsRunsCreate.ts
  - src/funcs/runsRunsList.ts
  - src/funcs/threadsThreadsCreate.ts
  - src/funcs/threadsThreadsDelete.ts
  - src/funcs/threadsThreadsGet.ts
  - src/funcs/threadsThreadsList.ts
  - src/funcs/threadsThreadsRun.ts
  - src/hooks/hooks.ts
  - src/hooks/index.ts
  - src/hooks/types.ts
  - src/index.ts
  - src/lib/base64.ts
  - src/lib/config.ts
  - src/lib/dlv.ts
  - src/lib/encodings.ts
  - src/lib/env.ts
  - src/lib/files.ts
  - src/lib/http.ts
  - src/lib/is-plain-object.ts
  - src/lib/logger.ts
  - src/lib/matchers.ts
  - src/lib/primitives.ts
  - src/lib/retries.ts
  - src/lib/schemas.ts
  - src/lib/sdks.ts
  - src/lib/security.ts
  - src/lib/url.ts
  - src/models/components/convertcreate.ts
  - src/models/components/file.ts
  - src/models/components/fileupload.ts
  - src/models/components/index.ts
  - src/models/components/message.ts
  - src/models/components/messagecreate.ts
  - src/models/components/messagerole.ts
  - src/models/components/run.ts
  - src/models/components/runcreate.ts
  - src/models/components/runstatus.ts
  - src/models/components/security.ts
  - src/models/components/thread.ts
  - src/models/components/threadcreate.ts
  - src/models/components/threadrun.ts
  - src/models/errors/httpclienterrors.ts
  - src/models/errors/index.ts
  - src/models/errors/sdkerror.ts
  - src/models/errors/sdkvalidationerror.ts
  - src/models/operations/index.ts
  - src/models/operations/messagesget.ts
  - src/models/operations/threadsdelete.ts
  - src/models/operations/threadsget.ts
  - src/models/operations/threadsrun.ts
  - src/sdk/converts.ts
  - src/sdk/files.ts
  - src/sdk/index.ts
  - src/sdk/messages.ts
  - src/sdk/runs.ts
  - src/sdk/sdk.ts
  - src/sdk/threads.ts
  - src/types/blobs.ts
  - src/types/constdatetime.ts
  - src/types/enums.ts
  - src/types/fp.ts
  - src/types/index.ts
  - src/types/operations.ts
  - src/types/rfcdate.ts
  - src/types/streams.ts
  - tsconfig.json
examples:
  files_list:
    speakeasy-default-files-list:
      responses:
        "200":
          application/json: []
  files_create:
    speakeasy-default-files-create:
      requestBody:
        multipart/form-data: {"data": {}}
      responses:
        "200":
          application/json: {"account_id": "aa367179-0fa4-49c8-b326-da1b0c92173d", "created_at": "2022-05-11T10:05:00.718Z", "expires_at": "2023-08-04T03:37:15.406Z", "filename": "your_file_here", "id": "289e35f3-9a7f-486d-838c-7bc677ec7466", "num_pages": 686344, "size": 966945, "url": "https://exhausted-individual.info"}
  files_download:
    speakeasy-default-files-download:
      parameters:
        path:
          file_id: "4a176118-b862-4d43-860a-6e4c9c893bde"
      responses:
        "200":
          application/octet-stream: "0x5e29912bAb"
  runs_list:
    speakeasy-default-runs-list:
      responses:
        "200":
          application/json: []
  runs_create:
    speakeasy-default-runs-create:
      requestBody:
        application/json: {"input_file_id": "75adfb37-7e83-4c34-abbd-4d5fa4c6153c", "target_language": "<value>"}
      responses:
        "200":
          application/json: {"account_id": "b6fa6019-5e66-4655-b618-0157b036a1b9", "created_at": "2024-07-20T09:23:58.830Z", "id": "663dc1e4-05a3-4275-b04e-6034b018fa29", "input_file_id": "4f0ca305-c827-4203-9361-3f759f0a36b6", "status": "Succeeded", "target_language": "<value>"}
  converts_create:
    speakeasy-default-converts-create:
      requestBody:
        application/json: {"input_file_id": "19f09514-b864-4ae9-a56f-ff84e381a3ed"}
      responses:
        "200":
          application/json: {"account_id": "7e2f9cd7-84fd-4445-bd9f-fc2d86bf0b12", "created_at": "2022-09-01T05:28:55.251Z", "expires_at": "2024-07-04T02:30:19.101Z", "filename": "example.file", "id": "d1f81e45-e616-4838-b6c9-df17e76377b2", "num_pages": 354434, "size": 86117, "url": "https://portly-underpants.com/"}
  messages_list:
    speakeasy-default-messages-list:
      responses:
        "200":
          application/json: []
  messages_create:
    speakeasy-default-messages-create:
      requestBody:
        application/json: {"content": "<value>", "role": "Human", "thread_id": "d09c508f-3b51-412c-a220-788a7bd94d08"}
      responses:
        "201":
          application/json: {"account_id": "40cff674-7b3c-4e32-a52f-481ffc2ce5d6", "content": "<value>", "created_at": "2024-06-25T03:48:45.495Z", "id": "edf30a64-b23c-4e6a-bee3-da7b8a0c4d09", "role": "Human", "thread_id": "3975a53c-2862-42c8-9dab-a41dfcccbb30"}
  messages_get:
    speakeasy-default-messages-get:
      parameters:
        path:
          message_id: "6362a0d4-ee0c-4935-b160-85e8b203df39"
      responses:
        "200":
          application/json: {"account_id": "1c41bdae-891f-41e7-b231-76e7fcefdee9", "content": "<value>", "created_at": "2024-06-07T18:26:10.572Z", "id": "c2717a31-2348-4b7f-9afd-b0a2068f522f", "role": "Assistant", "thread_id": "585ee41a-c347-4458-a5d7-48b33ffd3cc3"}
  threads_list:
    speakeasy-default-threads-list:
      responses:
        "200":
          application/json: []
  threads_create:
    speakeasy-default-threads-create:
      responses:
        "201":
          application/json: {"account_id": "750c6dd0-f976-4a7c-b195-83272004d7c5", "created_at": "2022-04-06T08:42:15.815Z", "id": "bd990205-0e7a-4a9d-94e7-3dd7ea0e06dc"}
  threads_get:
    speakeasy-default-threads-get:
      parameters:
        path:
          thread_id: "5b12268b-5c0f-47fc-9c63-3480637ca2fb"
      responses:
        "200":
          application/json: {"account_id": "f2502636-0d79-4ab1-a992-0d63220c1dea", "created_at": "2024-08-21T14:30:06.317Z", "id": "30c407a3-c165-4428-ae86-d767a7e75df7"}
  threads_delete:
    speakeasy-default-threads-delete:
      parameters:
        path:
          thread_id: "78e920c7-7f38-4cba-9310-7bf6d1b8fa22"
  threads_run:
    speakeasy-default-threads-run:
      parameters:
        path:
          thread_id: "5bcafe07-1303-4b97-8471-440886ebcfb2"
      requestBody:
        application/json: {"input": "<value>"}
      responses:
        "200":
          text/plain: "<value>"
