speakeasyVersion: 1.439.0
sources:
    Polydoc-OAS:
        sourceNamespace: polydoc-oas
        sourceRevisionDigest: sha256:e67ef6cfb71eda1483201716f4a83fef2054954484220258ad445100262b40aa
        sourceBlobDigest: sha256:8626b22dd79f549686e6a87e3ba333ae94f4503f916e03d1e0896e845ee823b8
        tags:
            - latest
targets:
    polydoc:
        source: Polydoc-OAS
        sourceNamespace: polydoc-oas
        sourceRevisionDigest: sha256:e67ef6cfb71eda1483201716f4a83fef2054954484220258ad445100262b40aa
        sourceBlobDigest: sha256:8626b22dd79f549686e6a87e3ba333ae94f4503f916e03d1e0896e845ee823b8
        codeSamplesNamespace: polydoc-oas-code-samples
        codeSamplesRevisionDigest: sha256:1fa8e7f82ca88add56b8efcaa6dcc662024dd95bc8b8705c3388eade24d0619e
workflow:
    workflowVersion: 1.0.0
    speakeasyVersion: latest
    sources:
        Polydoc-OAS:
            inputs:
                - location: ../../../../backend/server/docs/openapi.yml
            registry:
                location: registry.speakeasyapi.dev/edgenai/edgenai/polydoc-oas
    targets:
        polydoc:
            target: typescript
            source: Polydoc-OAS
            codeSamples:
                registry:
                    location: registry.speakeasyapi.dev/edgenai/edgenai/polydoc-oas-code-samples
                blocking: false
